
Microsoft Visual Studio Solution File, Format Version 12.00
# Visual Studio Version 17
VisualStudioVersion = 17.13.36105.23
MinimumVisualStudioVersion = 10.0.40219.1
Project("{2150E333-8FDC-42A3-9474-1A3956D46DE8}") = "Src", "Src", "{02EA681E-C7D8-13C7-8484-4AC65E1B71E8}"
EndProject
Project("{2150E333-8FDC-42A3-9474-1A3956D46DE8}") = "Api", "Api", "{DFD82870-EADF-4B8A-967E-E691009F9367}"
EndProject
Project("{2150E333-8FDC-42A3-9474-1A3956D46DE8}") = "Core", "Core", "{7D8FDF7C-F3DC-4459-B0C9-D5F254CABF9A}"
EndProject
Project("{2150E333-8FDC-42A3-9474-1A3956D46DE8}") = "Infra", "Infra", "{263ACC1A-869A-4CC3-9D47-B16C6239E7F0}"
EndProject
Project("{FAE04EC0-301F-11D3-BF4B-00C04F79EFBC}") = "SYSRENT.API", "SYSRENT.API\SYSRENT.API.csproj", "{5C18792D-E9E0-44A4-8F95-0A5009938DC5}"
EndProject
Project("{FAE04EC0-301F-11D3-BF4B-00C04F79EFBC}") = "SYSRENT.Application", "SYSRENT.Application\SYSRENT.Application.csproj", "{8FDF62FE-EFF7-4C75-9843-7C409125A568}"
EndProject
Project("{FAE04EC0-301F-11D3-BF4B-00C04F79EFBC}") = "SYSRENT.Domain", "SYSRENT.Domain\SYSRENT.Domain.csproj", "{3DF76F57-D2D5-43C0-BE5E-6CF304E6D237}"
EndProject
Project("{FAE04EC0-301F-11D3-BF4B-00C04F79EFBC}") = "SYSRENT.Infrastructure", "SYSRENT\SYSRENT.Infrastructure.csproj", "{A230D955-EF47-4774-B997-55B0904B7F3A}"
EndProject
Global
	GlobalSection(SolutionConfigurationPlatforms) = preSolution
		Debug|Any CPU = Debug|Any CPU
		Release|Any CPU = Release|Any CPU
	EndGlobalSection
	GlobalSection(ProjectConfigurationPlatforms) = postSolution
		{5C18792D-E9E0-44A4-8F95-0A5009938DC5}.Debug|Any CPU.ActiveCfg = Debug|Any CPU
		{5C18792D-E9E0-44A4-8F95-0A5009938DC5}.Debug|Any CPU.Build.0 = Debug|Any CPU
		{5C18792D-E9E0-44A4-8F95-0A5009938DC5}.Release|Any CPU.ActiveCfg = Release|Any CPU
		{5C18792D-E9E0-44A4-8F95-0A5009938DC5}.Release|Any CPU.Build.0 = Release|Any CPU
		{8FDF62FE-EFF7-4C75-9843-7C409125A568}.Debug|Any CPU.ActiveCfg = Debug|Any CPU
		{8FDF62FE-EFF7-4C75-9843-7C409125A568}.Debug|Any CPU.Build.0 = Debug|Any CPU
		{8FDF62FE-EFF7-4C75-9843-7C409125A568}.Release|Any CPU.ActiveCfg = Release|Any CPU
		{8FDF62FE-EFF7-4C75-9843-7C409125A568}.Release|Any CPU.Build.0 = Release|Any CPU
		{3DF76F57-D2D5-43C0-BE5E-6CF304E6D237}.Debug|Any CPU.ActiveCfg = Debug|Any CPU
		{3DF76F57-D2D5-43C0-BE5E-6CF304E6D237}.Debug|Any CPU.Build.0 = Debug|Any CPU
		{3DF76F57-D2D5-43C0-BE5E-6CF304E6D237}.Release|Any CPU.ActiveCfg = Release|Any CPU
		{3DF76F57-D2D5-43C0-BE5E-6CF304E6D237}.Release|Any CPU.Build.0 = Release|Any CPU
		{A230D955-EF47-4774-B997-55B0904B7F3A}.Debug|Any CPU.ActiveCfg = Debug|Any CPU
		{A230D955-EF47-4774-B997-55B0904B7F3A}.Debug|Any CPU.Build.0 = Debug|Any CPU
		{A230D955-EF47-4774-B997-55B0904B7F3A}.Release|Any CPU.ActiveCfg = Release|Any CPU
		{A230D955-EF47-4774-B997-55B0904B7F3A}.Release|Any CPU.Build.0 = Release|Any CPU
	EndGlobalSection
	GlobalSection(SolutionProperties) = preSolution
		HideSolutionNode = FALSE
	EndGlobalSection
	GlobalSection(NestedProjects) = preSolution
		{DFD82870-EADF-4B8A-967E-E691009F9367} = {02EA681E-C7D8-13C7-8484-4AC65E1B71E8}
		{7D8FDF7C-F3DC-4459-B0C9-D5F254CABF9A} = {02EA681E-C7D8-13C7-8484-4AC65E1B71E8}
		{263ACC1A-869A-4CC3-9D47-B16C6239E7F0} = {02EA681E-C7D8-13C7-8484-4AC65E1B71E8}
		{5C18792D-E9E0-44A4-8F95-0A5009938DC5} = {DFD82870-EADF-4B8A-967E-E691009F9367}
		{8FDF62FE-EFF7-4C75-9843-7C409125A568} = {7D8FDF7C-F3DC-4459-B0C9-D5F254CABF9A}
		{3DF76F57-D2D5-43C0-BE5E-6CF304E6D237} = {7D8FDF7C-F3DC-4459-B0C9-D5F254CABF9A}
		{A230D955-EF47-4774-B997-55B0904B7F3A} = {263ACC1A-869A-4CC3-9D47-B16C6239E7F0}
	EndGlobalSection
	GlobalSection(ExtensibilityGlobals) = postSolution
		SolutionGuid = {1BB5FA4A-26AD-44CE-BDF2-3E56424C8AF8}
	EndGlobalSection
EndGlobal
